
Microsoft Visual Studio Solution File, Format Version 12.00
# Visual Studio Version 16
VisualStudioVersion = 16.0.31729.503
MinimumVisualStudioVersion = 10.0.40219.1
Project("{FAE04EC0-301F-11D3-BF4B-00C04F79EFBC}") = "MVC", "MVC\MVC.csproj", "{6217E222-EE5D-4C96-AA52-1948A0DA5323}"
EndProject
Global
	GlobalSection(SolutionConfigurationPlatforms) = preSolution
		Debug|Any CPU = Debug|Any CPU
		Release|Any CPU = Release|Any CPU
	EndGlobalSection
	GlobalSection(ProjectConfigurationPlatforms) = postSolution
		{6217E222-EE5D-4C96-AA52-1948A0DA5323}.Debug|Any CPU.ActiveCfg = Debug|Any CPU
		{6217E222-EE5D-4C96-AA52-1948A0DA5323}.Debug|Any CPU.Build.0 = Debug|Any CPU
		{6217E222-EE5D-4C96-AA52-1948A0DA5323}.Release|Any CPU.ActiveCfg = Release|Any CPU
		{6217E222-EE5D-4C96-AA52-1948A0DA5323}.Release|Any CPU.Build.0 = Release|Any CPU
	EndGlobalSection
	GlobalSection(SolutionProperties) = preSolution
		HideSolutionNode = FALSE
	EndGlobalSection
	GlobalSection(ExtensibilityGlobals) = postSolution
		SolutionGuid = {C0AC95B6-436D-4233-8F87-0EFF77499445}
	EndGlobalSection
EndGlobal
