
Microsoft Visual Studio Solution File, Format Version 12.00
# Visual Studio Version 16
VisualStudioVersion = 16.0.31729.503
MinimumVisualStudioVersion = 10.0.40219.1
Project("{FAE04EC0-301F-11D3-BF4B-00C04F79EFBC}") = "rizemetroturizmDemo", "rizemetroturizmDemo\rizemetroturizmDemo.csproj", "{CC90F50F-795D-4C2A-97C6-F7531AC5D456}"
EndProject
Global
	GlobalSection(SolutionConfigurationPlatforms) = preSolution
		Debug|Any CPU = Debug|Any CPU
		Release|Any CPU = Release|Any CPU
	EndGlobalSection
	GlobalSection(ProjectConfigurationPlatforms) = postSolution
		{CC90F50F-795D-4C2A-97C6-F7531AC5D456}.Debug|Any CPU.ActiveCfg = Debug|Any CPU
		{CC90F50F-795D-4C2A-97C6-F7531AC5D456}.Debug|Any CPU.Build.0 = Debug|Any CPU
		{CC90F50F-795D-4C2A-97C6-F7531AC5D456}.Release|Any CPU.ActiveCfg = Release|Any CPU
		{CC90F50F-795D-4C2A-97C6-F7531AC5D456}.Release|Any CPU.Build.0 = Release|Any CPU
	EndGlobalSection
	GlobalSection(SolutionProperties) = preSolution
		HideSolutionNode = FALSE
	EndGlobalSection
	GlobalSection(ExtensibilityGlobals) = postSolution
		SolutionGuid = {348F8812-5713-4C5A-A757-D23EB6065895}
	EndGlobalSection
EndGlobal
